// !$*UTF8*$!
{
	archiveVersion = 1;
	classes = {
	};
	objectVersion = 46;
	objects = {

/* Begin PBXBuildFile section */
		4D2575F31D2FE9040075470D /* AppDelegate.swift in Sources */ = {isa = PBXBuildFile; fileRef = 4D2575F21D2FE9040075470D /* AppDelegate.swift */; };
		4D2575F51D2FE9040075470D /* ViewController.swift in Sources */ = {isa = PBXBuildFile; fileRef = 4D2575F41D2FE9040075470D /* ViewController.swift */; };
		4D2575F81D2FE9040075470D /* Main.storyboard in Resources */ = {isa = PBXBuildFile; fileRef = 4D2575F61D2FE9040075470D /* Main.storyboard */; };
		4D2575FA1D2FE9040075470D /* Assets.xcassets in Resources */ = {isa = PBXBuildFile; fileRef = 4D2575F91D2FE9040075470D /* Assets.xcassets */; };
		4D2575FD1D2FE9040075470D /* LaunchScreen.storyboard in Resources */ = {isa = PBXBuildFile; fileRef = 4D2575FB1D2FE9040075470D /* LaunchScreen.storyboard */; };
		4D2576051D2FEACD0075470D /* Character.swift in Sources */ = {isa = PBXBuildFile; fileRef = 4D2576041D2FEACD0075470D /* Character.swift */; };
		4D2576071D2FEDB10075470D /* Player.swift in Sources */ = {isa = PBXBuildFile; fileRef = 4D2576061D2FEDB10075470D /* Player.swift */; };
/* End PBXBuildFile section */

/* Begin PBXFileReference section */
		4D2575EF1D2FE9030075470D /* rpgoop.app */ = {isa = PBXFileReference; explicitFileType = wrapper.application; includeInIndex = 0; path = rpgoop.app; sourceTree = BUILT_PRODUCTS_DIR; };
		4D2575F21D2FE9040075470D /* AppDelegate.swift */ = {isa = PBXFileReference; lastKnownFileType = sourcecode.swift; path = AppDelegate.swift; sourceTree = "<group>"; };
		4D2575F41D2FE9040075470D /* ViewController.swift */ = {isa = PBXFileReference; lastKnownFileType = sourcecode.swift; path = ViewController.swift; sourceTree = "<group>"; };
		4D2575F71D2FE9040075470D /* Base */ = {isa = PBXFileReference; lastKnownFileType = file.storyboard; name = Base; path = Base.lproj/Main.storyboard; sourceTree = "<group>"; };
		4D2575F91D2FE9040075470D /* Assets.xcassets */ = {isa = PBXFileReference; lastKnownFileType = folder.assetcatalog; path = Assets.xcassets; sourceTree = "<group>"; };
		4D2575FC1D2FE9040075470D /* Base */ = {isa = PBXFileReference; lastKnownFileType = file.storyboard; name = Base; path = Base.lproj/LaunchScreen.storyboard; sourceTree = "<group>"; };
		4D2575FE1D2FE9040075470D /* Info.plist */ = {isa = PBXFileReference; lastKnownFileType = text.plist.xml; path = Info.plist; sourceTree = "<group>"; };
		4D2576041D2FEACD0075470D /* Character.swift */ = {isa = PBXFileReference; fileEncoding = 4; lastKnownFileType = sourcecode.swift; path = Character.swift; sourceTree = "<group>"; };
		4D2576061D2FEDB10075470D /* Player.swift */ = {isa = PBXFileReference; fileEncoding = 4; lastKnownFileType = sourcecode.swift; path = Player.swift; sourceTree = "<group>"; };
/* End PBXFileReference section */

/* Begin PBXFrameworksBuildPhase section */
		4D2575EC1D2FE9030075470D /* Frameworks */ = {
			isa = PBXFrameworksBuildPhase;
			buildActionMask = 2147483647;
			files = (
			);
			runOnlyForDeploymentPostprocessing = 0;
		};
/* End PBXFrameworksBuildPhase section */

/* Begin PBXGroup section */
		4D2575E61D2FE9030075470D = {
			isa = PBXGroup;
			children = (
				4D2575F11D2FE9040075470D /* rpgoop */,
				4D2575F01D2FE9030075470D /* Products */,
			);
			sourceTree = "<group>";
		};
		4D2575F01D2FE9030075470D /* Products */ = {
			isa = PBXGroup;
			children = (
				4D2575EF1D2FE9030075470D /* rpgoop.app */,
			);
			name = Products;
			sourceTree = "<group>";
		};
		4D2575F11D2FE9040075470D /* rpgoop */ = {
			isa = PBXGroup;
			children = (
				4D2575F21D2FE9040075470D /* AppDelegate.swift */,
				4D2575F41D2FE9040075470D /* ViewController.swift */,
				4D2575F61D2FE9040075470D /* Main.storyboard */,
				4D2575F91D2FE9040075470D /* Assets.xcassets */,
				4D2575FB1D2FE9040075470D /* LaunchScreen.storyboard */,
				4D2575FE1D2FE9040075470D /* Info.plist */,
				4D2576041D2FEACD0075470D /* Character.swift */,
				4D2576061D2FEDB10075470D /* Player.swift */,
			);
			path = rpgoop;
			sourceTree = "<group>";
		};
/* End PBXGroup section */

/* Begin PBXNativeTarget section */
		4D2575EE1D2FE9030075470D /* rpgoop */ = {
			isa = PBXNativeTarget;
			buildConfigurationList = 4D2576011D2FE9040075470D /* Build configuration list for PBXNativeTarget "rpgoop" */;
			buildPhases = (
				4D2575EB1D2FE9030075470D /* Sources */,
				4D2575EC1D2FE9030075470D /* Frameworks */,
				4D2575ED1D2FE9030075470D /* Resources */,
			);
			buildRules = (
			);
			dependencies = (
			);
			name = rpgoop;
			productName = rpgoop;
			productReference = 4D2575EF1D2FE9030075470D /* rpgoop.app */;
			productType = "com.apple.product-type.application";
		};
/* End PBXNativeTarget section */

/* Begin PBXProject section */
		4D2575E71D2FE9030075470D /* Project object */ = {
			isa = PBXProject;
			attributes = {
				LastSwiftUpdateCheck = 0730;
				LastUpgradeCheck = 0730;
				ORGANIZATIONNAME = "Mark Laukkanen";
				TargetAttributes = {
					4D2575EE1D2FE9030075470D = {
						CreatedOnToolsVersion = 7.3.1;
						DevelopmentTeam = WD5B2ZX9WJ;
					};
				};
			};
			buildConfigurationList = 4D2575EA1D2FE9030075470D /* Build configuration list for PBXProject "rpgoop" */;
			compatibilityVersion = "Xcode 3.2";
			developmentRegion = English;
			hasScannedForEncodings = 0;
			knownRegions = (
				en,
				Base,
			);
			mainGroup = 4D2575E61D2FE9030075470D;
			productRefGroup = 4D2575F01D2FE9030075470D /* Products */;
			projectDirPath = "";
			projectRoot = "";
			targets = (
				4D2575EE1D2FE9030075470D /* rpgoop */,
			);
		};
/* End PBXProject section */

/* Begin PBXResourcesBuildPhase section */
		4D2575ED1D2FE9030075470D /* Resources */ = {
			isa = PBXResourcesBuildPhase;
			buildActionMask = 2147483647;
			files = (
				4D2575FD1D2FE9040075470D /* LaunchScreen.storyboard in Resources */,
				4D2575FA1D2FE9040075470D /* Assets.xcassets in Resources */,
				4D2575F81D2FE9040075470D /* Main.storyboard in Resources */,
			);
			runOnlyForDeploymentPostprocessing = 0;
		};
/* End PBXResourcesBuildPhase section */

/* Begin PBXSourcesBuildPhase section */
		4D2575EB1D2FE9030075470D /* Sources */ = {
			isa = PBXSourcesBuildPhase;
			buildActionMask = 2147483647;
			files = (
				4D2576071D2FEDB10075470D /* Player.swift in Sources */,
				4D2576051D2FEACD0075470D /* Character.swift in Sources */,
				4D2575F51D2FE9040075470D /* ViewController.swift in Sources */,
				4D2575F31D2FE9040075470D /* AppDelegate.swift in Sources */,
			);
			runOnlyForDeploymentPostprocessing = 0;
		};
/* End PBXSourcesBuildPhase section */

/* Begin PBXVariantGroup section */
		4D2575F61D2FE9040075470D /* Main.storyboard */ = {
			isa = PBXVariantGroup;
			children = (
				4D2575F71D2FE9040075470D /* Base */,
			);
			name = Main.storyboard;
			sourceTree = "<group>";
		};
		4D2575FB1D2FE9040075470D /* LaunchScreen.storyboard */ = {
			isa = PBXVariantGroup;
			children = (
				4D2575FC1D2FE9040075470D /* Base */,
			);
			name = LaunchScreen.storyboard;
			sourceTree = "<group>";
		};
/* End PBXVariantGroup section */

/* Begin XCBuildConfiguration section */
		4D2575FF1D2FE9040075470D /* Debug */ = {
			isa = XCBuildConfiguration;
			buildSettings = {
				ALWAYS_SEARCH_USER_PATHS = NO;
				CLANG_ANALYZER_NONNULL = YES;
				CLANG_CXX_LANGUAGE_STANDARD = "gnu++0x";
				CLANG_CXX_LIBRARY = "libc++";
				CLANG_ENABLE_MODULES = YES;
				CLANG_ENABLE_OBJC_ARC = YES;
				CLANG_WARN_BOOL_CONVERSION = YES;
				CLANG_WARN_CONSTANT_CONVERSION = YES;
				CLANG_WARN_DIRECT_OBJC_ISA_USAGE = YES_ERROR;
				CLANG_WARN_EMPTY_BODY = YES;
				CLANG_WARN_ENUM_CONVERSION = YES;
				CLANG_WARN_INT_CONVERSION = YES;
				CLANG_WARN_OBJC_ROOT_CLASS = YES_ERROR;
				CLANG_WARN_UNREACHABLE_CODE = YES;
				CLANG_WARN__DUPLICATE_METHOD_MATCH = YES;
				"CODE_SIGN_IDENTITY[sdk=iphoneos*]" = "iPhone Developer";
				COPY_PHASE_STRIP = NO;
				DEBUG_INFORMATION_FORMAT = dwarf;
				ENABLE_STRICT_OBJC_MSGSEND = YES;
				ENABLE_TESTABILITY = YES;
				GCC_C_LANGUAGE_STANDARD = gnu99;
				GCC_DYNAMIC_NO_PIC = NO;
				GCC_NO_COMMON_BLOCKS = YES;
				GCC_OPTIMIZATION_LEVEL = 0;
				GCC_PREPROCESSOR_DEFINITIONS = (
					"DEBUG=1",
					"$(inherited)",
				);
				GCC_WARN_64_TO_32_BIT_CONVERSION = YES;
				GCC_WARN_ABOUT_RETURN_TYPE = YES_ERROR;
				GCC_WARN_UNDECLARED_SELECTOR = YES;
				GCC_WARN_UNINITIALIZED_AUTOS = YES_AGGRESSIVE;
				GCC_WARN_UNUSED_FUNCTION = YES;
				GCC_WARN_UNUSED_VARIABLE = YES;
				IPHONEOS_DEPLOYMENT_TARGET = 9.3;
				MTL_ENABLE_DEBUG_INFO = YES;
				ONLY_ACTIVE_ARCH = YES;
				SDKROOT = iphoneos;
				SWIFT_OPTIMIZATION_LEVEL = "-Onone";
				TARGETED_DEVICE_FAMILY = "1,2";
			};
			name = Debug;
		};
		4D2576001D2FE9040075470D /* Release */ = {
			isa = XCBuildConfiguration;
			buildSettings = {
				ALWAYS_SEARCH_USER_PATHS = NO;
				CLANG_ANALYZER_NONNULL = YES;
				CLANG_CXX_LANGUAGE_STANDARD = "gnu++0x";
				CLANG_CXX_LIBRARY = "libc++";
				CLANG_ENABLE_MODULES = YES;
				CLANG_ENABLE_OBJC_ARC = YES;
				CLANG_WARN_BOOL_CONVERSION = YES;
				CLANG_WARN_CONSTANT_CONVERSION = YES;
				CLANG_WARN_DIRECT_OBJC_ISA_USAGE = YES_ERROR;
				CLANG_WARN_EMPTY_BODY = YES;
				CLANG_WARN_ENUM_CONVERSION = YES;
				CLANG_WARN_INT_CONVERSION = YES;
				CLANG_WARN_OBJC_ROOT_CLASS = YES_ERROR;
				CLANG_WARN_UNREACHABLE_CODE = YES;
				CLANG_WARN__DUPLICATE_METHOD_MATCH = YES;
				"CODE_SIGN_IDENTITY[sdk=iphoneos*]" = "iPhone Developer";
				COPY_PHASE_STRIP = NO;
				DEBUG_INFORMATION_FORMAT = "dwarf-with-dsym";
				ENABLE_NS_ASSERTIONS = NO;
				ENABLE_STRICT_OBJC_MSGSEND = YES;
				GCC_C_LANGUAGE_STANDARD = gnu99;
				GCC_NO_COMMON_BLOCKS = YES;
				GCC_WARN_64_TO_32_BIT_CONVERSION = YES;
				GCC_WARN_ABOUT_RETURN_TYPE = YES_ERROR;
				GCC_WARN_UNDECLARED_SELECTOR = YES;
				GCC_WARN_UNINITIALIZED_AUTOS = YES_AGGRESSIVE;
				GCC_WARN_UNUSED_FUNCTION = YES;
				GCC_WARN_UNUSED_VARIABLE = YES;
				IPHONEOS_DEPLOYMENT_TARGET = 9.3;
				MTL_ENABLE_DEBUG_INFO = NO;
				SDKROOT = iphoneos;
				TARGETED_DEVICE_FAMILY = "1,2";
				VALIDATE_PRODUCT = YES;
			};
			name = Release;
		};
		4D2576021D2FE9040075470D /* Debug */ = {
			isa = XCBuildConfiguration;
			buildSettings = {
				ASSETCATALOG_COMPILER_APPICON_NAME = AppIcon;
				INFOPLIST_FILE = rpgoop/Info.plist;
				LD_RUNPATH_SEARCH_PATHS = "$(inherited) @executable_path/Frameworks";
				PRODUCT_BUNDLE_IDENTIFIER = com.marklaukkanen.rpgoop;
				PRODUCT_NAME = "$(TARGET_NAME)";
			};
			name = Debug;
		};
		4D2576031D2FE9040075470D /* Release */ = {
			isa = XCBuildConfiguration;
			buildSettings = {
				ASSETCATALOG_COMPILER_APPICON_NAME = AppIcon;
				INFOPLIST_FILE = rpgoop/Info.plist;
				LD_RUNPATH_SEARCH_PATHS = "$(inherited) @executable_path/Frameworks";
				PRODUCT_BUNDLE_IDENTIFIER = com.marklaukkanen.rpgoop;
				PRODUCT_NAME = "$(TARGET_NAME)";
			};
			name = Release;
		};
/* End XCBuildConfiguration section */

/* Begin XCConfigurationList section */
		4D2575EA1D2FE9030075470D /* Build configuration list for PBXProject "rpgoop" */ = {
			isa = XCConfigurationList;
			buildConfigurations = (
				4D2575FF1D2FE9040075470D /* Debug */,
				4D2576001D2FE9040075470D /* Release */,
			);
			defaultConfigurationIsVisible = 0;
			defaultConfigurationName = Release;
		};
		4D2576011D2FE9040075470D /* Build configuration list for PBXNativeTarget "rpgoop" */ = {
			isa = XCConfigurationList;
			buildConfigurations = (
				4D2576021D2FE9040075470D /* Debug */,
				4D2576031D2FE9040075470D /* Release */,
			);
			defaultConfigurationIsVisible = 0;
		};
/* End XCConfigurationList section */
	};
	rootObject = 4D2575E71D2FE9030075470D /* Project object */;
}
